{
  "requires": true,
  "lockfileVersion": 1,
  "dependencies": {
    "svelte-range-slider-pips": {
      "version": "1.5.0",
      "resolved": "https://registry.npmjs.org/svelte-range-slider-pips/-/svelte-range-slider-pips-1.5.0.tgz",
      "integrity": "sha512-Sr16aF8sQgcfyA8jrPXQ1S4Cspowjm8G1u9ScIeHaQtK+ozJt3hHy03DFujUGcyvSQrzkHNc/USP+uQTgLK5NQ==",
      "dev": true
    }
  }
}
